// !$*UTF8*$!
{
	archiveVersion = 1;
	classes = {
	};
	objectVersion = 46;
	objects = {

/* Begin PBXBuildFile section */
		C598E25F1E74FB9700EF5807 /* main.m in Sources */ = {isa = PBXBuildFile; fileRef = C598E25E1E74FB9700EF5807 /* main.m */; };
		C598E2621E74FB9700EF5807 /* AppDelegate.m in Sources */ = {isa = PBXBuildFile; fileRef = C598E2611E74FB9700EF5807 /* AppDelegate.m */; };
		C598E2651E74FB9700EF5807 /* ViewController.m in Sources */ = {isa = PBXBuildFile; fileRef = C598E2641E74FB9700EF5807 /* ViewController.m */; };
		C598E2681E74FB9700EF5807 /* Main.storyboard in Resources */ = {isa = PBXBuildFile; fileRef = C598E2661E74FB9700EF5807 /* Main.storyboard */; };
		C598E26A1E74FB9700EF5807 /* Assets.xcassets in Resources */ = {isa = PBXBuildFile; fileRef = C598E2691E74FB9700EF5807 /* Assets.xcassets */; };
		C598E26D1E74FB9700EF5807 /* LaunchScreen.storyboard in Resources */ = {isa = PBXBuildFile; fileRef = C598E26B1E74FB9700EF5807 /* LaunchScreen.storyboard */; };
		C598E2781E74FB9700EF5807 /* TestKVOTests.m in Sources */ = {isa = PBXBuildFile; fileRef = C598E2771E74FB9700EF5807 /* TestKVOTests.m */; };
		C598E2831E74FB9700EF5807 /* TestKVOUITests.m in Sources */ = {isa = PBXBuildFile; fileRef = C598E2821E74FB9700EF5807 /* TestKVOUITests.m */; };
/* End PBXBuildFile section */

/* Begin PBXContainerItemProxy section */
		C598E2741E74FB9700EF5807 /* PBXContainerItemProxy */ = {
			isa = PBXContainerItemProxy;
			containerPortal = C598E2521E74FB9700EF5807 /* Project object */;
			proxyType = 1;
			remoteGlobalIDString = C598E2591E74FB9700EF5807;
			remoteInfo = TestKVO;
		};
		C598E27F1E74FB9700EF5807 /* PBXContainerItemProxy */ = {
			isa = PBXContainerItemProxy;
			containerPortal = C598E2521E74FB9700EF5807 /* Project object */;
			proxyType = 1;
			remoteGlobalIDString = C598E2591E74FB9700EF5807;
			remoteInfo = TestKVO;
		};
/* End PBXContainerItemProxy section */

/* Begin PBXFileReference section */
		C598E25A1E74FB9700EF5807 /* TestKVO.app */ = {isa = PBXFileReference; explicitFileType = wrapper.application; includeInIndex = 0; path = TestKVO.app; sourceTree = BUILT_PRODUCTS_DIR; };
		C598E25E1E74FB9700EF5807 /* main.m */ = {isa = PBXFileReference; lastKnownFileType = sourcecode.c.objc; path = main.m; sourceTree = "<group>"; };
		C598E2601E74FB9700EF5807 /* AppDelegate.h */ = {isa = PBXFileReference; lastKnownFileType = sourcecode.c.h; path = AppDelegate.h; sourceTree = "<group>"; };
		C598E2611E74FB9700EF5807 /* AppDelegate.m */ = {isa = PBXFileReference; lastKnownFileType = sourcecode.c.objc; path = AppDelegate.m; sourceTree = "<group>"; };
		C598E2631E74FB9700EF5807 /* ViewController.h */ = {isa = PBXFileReference; lastKnownFileType = sourcecode.c.h; path = ViewController.h; sourceTree = "<group>"; };
		C598E2641E74FB9700EF5807 /* ViewController.m */ = {isa = PBXFileReference; lastKnownFileType = sourcecode.c.objc; path = ViewController.m; sourceTree = "<group>"; };
		C598E2671E74FB9700EF5807 /* Base */ = {isa = PBXFileReference; lastKnownFileType = file.storyboard; name = Base; path = Base.lproj/Main.storyboard; sourceTree = "<group>"; };
		C598E2691E74FB9700EF5807 /* Assets.xcassets */ = {isa = PBXFileReference; lastKnownFileType = folder.assetcatalog; path = Assets.xcassets; sourceTree = "<group>"; };
		C598E26C1E74FB9700EF5807 /* Base */ = {isa = PBXFileReference; lastKnownFileType = file.storyboard; name = Base; path = Base.lproj/LaunchScreen.storyboard; sourceTree = "<group>"; };
		C598E26E1E74FB9700EF5807 /* Info.plist */ = {isa = PBXFileReference; lastKnownFileType = text.plist.xml; path = Info.plist; sourceTree = "<group>"; };
		C598E2731E74FB9700EF5807 /* TestKVOTests.xctest */ = {isa = PBXFileReference; explicitFileType = wrapper.cfbundle; includeInIndex = 0; path = TestKVOTests.xctest; sourceTree = BUILT_PRODUCTS_DIR; };
		C598E2771E74FB9700EF5807 /* TestKVOTests.m */ = {isa = PBXFileReference; lastKnownFileType = sourcecode.c.objc; path = TestKVOTests.m; sourceTree = "<group>"; };
		C598E2791E74FB9700EF5807 /* Info.plist */ = {isa = PBXFileReference; lastKnownFileType = text.plist.xml; path = Info.plist; sourceTree = "<group>"; };
		C598E27E1E74FB9700EF5807 /* TestKVOUITests.xctest */ = {isa = PBXFileReference; explicitFileType = wrapper.cfbundle; includeInIndex = 0; path = TestKVOUITests.xctest; sourceTree = BUILT_PRODUCTS_DIR; };
		C598E2821E74FB9700EF5807 /* TestKVOUITests.m */ = {isa = PBXFileReference; lastKnownFileType = sourcecode.c.objc; path = TestKVOUITests.m; sourceTree = "<group>"; };
		C598E2841E74FB9700EF5807 /* Info.plist */ = {isa = PBXFileReference; lastKnownFileType = text.plist.xml; path = Info.plist; sourceTree = "<group>"; };
/* End PBXFileReference section */

/* Begin PBXFrameworksBuildPhase section */
		C598E2571E74FB9700EF5807 /* Frameworks */ = {
			isa = PBXFrameworksBuildPhase;
			buildActionMask = 2147483647;
			files = (
			);
			runOnlyForDeploymentPostprocessing = 0;
		};
		C598E2701E74FB9700EF5807 /* Frameworks */ = {
			isa = PBXFrameworksBuildPhase;
			buildActionMask = 2147483647;
			files = (
			);
			runOnlyForDeploymentPostprocessing = 0;
		};
		C598E27B1E74FB9700EF5807 /* Frameworks */ = {
			isa = PBXFrameworksBuildPhase;
			buildActionMask = 2147483647;
			files = (
			);
			runOnlyForDeploymentPostprocessing = 0;
		};
/* End PBXFrameworksBuildPhase section */

/* Begin PBXGroup section */
		C598E2511E74FB9700EF5807 = {
			isa = PBXGroup;
			children = (
				C598E25C1E74FB9700EF5807 /* TestKVO */,
				C598E2761E74FB9700EF5807 /* TestKVOTests */,
				C598E2811E74FB9700EF5807 /* TestKVOUITests */,
				C598E25B1E74FB9700EF5807 /* Products */,
			);
			sourceTree = "<group>";
		};
		C598E25B1E74FB9700EF5807 /* Products */ = {
			isa = PBXGroup;
			children = (
				C598E25A1E74FB9700EF5807 /* TestKVO.app */,
				C598E2731E74FB9700EF5807 /* TestKVOTests.xctest */,
				C598E27E1E74FB9700EF5807 /* TestKVOUITests.xctest */,
			);
			name = Products;
			sourceTree = "<group>";
		};
		C598E25C1E74FB9700EF5807 /* TestKVO */ = {
			isa = PBXGroup;
			children = (
				C598E2601E74FB9700EF5807 /* AppDelegate.h */,
				C598E2611E74FB9700EF5807 /* AppDelegate.m */,
				C598E2631E74FB9700EF5807 /* ViewController.h */,
				C598E2641E74FB9700EF5807 /* ViewController.m */,
				C598E2661E74FB9700EF5807 /* Main.storyboard */,
				C598E2691E74FB9700EF5807 /* Assets.xcassets */,
				C598E26B1E74FB9700EF5807 /* LaunchScreen.storyboard */,
				C598E26E1E74FB9700EF5807 /* Info.plist */,
				C598E25D1E74FB9700EF5807 /* Supporting Files */,
			);
			path = TestKVO;
			sourceTree = "<group>";
		};
		C598E25D1E74FB9700EF5807 /* Supporting Files */ = {
			isa = PBXGroup;
			children = (
				C598E25E1E74FB9700EF5807 /* main.m */,
			);
			name = "Supporting Files";
			sourceTree = "<group>";
		};
		C598E2761E74FB9700EF5807 /* TestKVOTests */ = {
			isa = PBXGroup;
			children = (
				C598E2771E74FB9700EF5807 /* TestKVOTests.m */,
				C598E2791E74FB9700EF5807 /* Info.plist */,
			);
			path = TestKVOTests;
			sourceTree = "<group>";
		};
		C598E2811E74FB9700EF5807 /* TestKVOUITests */ = {
			isa = PBXGroup;
			children = (
				C598E2821E74FB9700EF5807 /* TestKVOUITests.m */,
				C598E2841E74FB9700EF5807 /* Info.plist */,
			);
			path = TestKVOUITests;
			sourceTree = "<group>";
		};
/* End PBXGroup section */

/* Begin PBXNativeTarget section */
		C598E2591E74FB9700EF5807 /* TestKVO */ = {
			isa = PBXNativeTarget;
			buildConfigurationList = C598E2871E74FB9700EF5807 /* Build configuration list for PBXNativeTarget "TestKVO" */;
			buildPhases = (
				C598E2561E74FB9700EF5807 /* Sources */,
				C598E2571E74FB9700EF5807 /* Frameworks */,
				C598E2581E74FB9700EF5807 /* Resources */,
			);
			buildRules = (
			);
			dependencies = (
			);
			name = TestKVO;
			productName = TestKVO;
			productReference = C598E25A1E74FB9700EF5807 /* TestKVO.app */;
			productType = "com.apple.product-type.application";
		};
		C598E2721E74FB9700EF5807 /* TestKVOTests */ = {
			isa = PBXNativeTarget;
			buildConfigurationList = C598E28A1E74FB9700EF5807 /* Build configuration list for PBXNativeTarget "TestKVOTests" */;
			buildPhases = (
				C598E26F1E74FB9700EF5807 /* Sources */,
				C598E2701E74FB9700EF5807 /* Frameworks */,
				C598E2711E74FB9700EF5807 /* Resources */,
			);
			buildRules = (
			);
			dependencies = (
				C598E2751E74FB9700EF5807 /* PBXTargetDependency */,
			);
			name = TestKVOTests;
			productName = TestKVOTests;
			productReference = C598E2731E74FB9700EF5807 /* TestKVOTests.xctest */;
			productType = "com.apple.product-type.bundle.unit-test";
		};
		C598E27D1E74FB9700EF5807 /* TestKVOUITests */ = {
			isa = PBXNativeTarget;
			buildConfigurationList = C598E28D1E74FB9700EF5807 /* Build configuration list for PBXNativeTarget "TestKVOUITests" */;
			buildPhases = (
				C598E27A1E74FB9700EF5807 /* Sources */,
				C598E27B1E74FB9700EF5807 /* Frameworks */,
				C598E27C1E74FB9700EF5807 /* Resources */,
			);
			buildRules = (
			);
			dependencies = (
				C598E2801E74FB9700EF5807 /* PBXTargetDependency */,
			);
			name = TestKVOUITests;
			productName = TestKVOUITests;
			productReference = C598E27E1E74FB9700EF5807 /* TestKVOUITests.xctest */;
			productType = "com.apple.product-type.bundle.ui-testing";
		};
/* End PBXNativeTarget section */

/* Begin PBXProject section */
		C598E2521E74FB9700EF5807 /* Project object */ = {
			isa = PBXProject;
			attributes = {
				LastUpgradeCheck = 0800;
				ORGANIZATIONNAME = com.cnit.;
				TargetAttributes = {
					C598E2591E74FB9700EF5807 = {
						CreatedOnToolsVersion = 8.0;
						ProvisioningStyle = Automatic;
					};
					C598E2721E74FB9700EF5807 = {
						CreatedOnToolsVersion = 8.0;
						ProvisioningStyle = Automatic;
						TestTargetID = C598E2591E74FB9700EF5807;
					};
					C598E27D1E74FB9700EF5807 = {
						CreatedOnToolsVersion = 8.0;
						ProvisioningStyle = Automatic;
						TestTargetID = C598E2591E74FB9700EF5807;
					};
				};
			};
			buildConfigurationList = C598E2551E74FB9700EF5807 /* Build configuration list for PBXProject "TestKVO" */;
			compatibilityVersion = "Xcode 3.2";
			developmentRegion = English;
			hasScannedForEncodings = 0;
			knownRegions = (
				en,
				Base,
			);
			mainGroup = C598E2511E74FB9700EF5807;
			productRefGroup = C598E25B1E74FB9700EF5807 /* Products */;
			projectDirPath = "";
			projectRoot = "";
			targets = (
				C598E2591E74FB9700EF5807 /* TestKVO */,
				C598E2721E74FB9700EF5807 /* TestKVOTests */,
				C598E27D1E74FB9700EF5807 /* TestKVOUITests */,
			);
		};
/* End PBXProject section */

/* Begin PBXResourcesBuildPhase section */
		C598E2581E74FB9700EF5807 /* Resources */ = {
			isa = PBXResourcesBuildPhase;
			buildActionMask = 2147483647;
			files = (
				C598E26D1E74FB9700EF5807 /* LaunchScreen.storyboard in Resources */,
				C598E26A1E74FB9700EF5807 /* Assets.xcassets in Resources */,
				C598E2681E74FB9700EF5807 /* Main.storyboard in Resources */,
			);
			runOnlyForDeploymentPostprocessing = 0;
		};
		C598E2711E74FB9700EF5807 /* Resources */ = {
			isa = PBXResourcesBuildPhase;
			buildActionMask = 2147483647;
			files = (
			);
			runOnlyForDeploymentPostprocessing = 0;
		};
		C598E27C1E74FB9700EF5807 /* Resources */ = {
			isa = PBXResourcesBuildPhase;
			buildActionMask = 2147483647;
			files = (
			);
			runOnlyForDeploymentPostprocessing = 0;
		};
/* End PBXResourcesBuildPhase section */

/* Begin PBXSourcesBuildPhase section */
		C598E2561E74FB9700EF5807 /* Sources */ = {
			isa = PBXSourcesBuildPhase;
			buildActionMask = 2147483647;
			files = (
				C598E2651E74FB9700EF5807 /* ViewController.m in Sources */,
				C598E2621E74FB9700EF5807 /* AppDelegate.m in Sources */,
				C598E25F1E74FB9700EF5807 /* main.m in Sources */,
			);
			runOnlyForDeploymentPostprocessing = 0;
		};
		C598E26F1E74FB9700EF5807 /* Sources */ = {
			isa = PBXSourcesBuildPhase;
			buildActionMask = 2147483647;
			files = (
				C598E2781E74FB9700EF5807 /* TestKVOTests.m in Sources */,
			);
			runOnlyForDeploymentPostprocessing = 0;
		};
		C598E27A1E74FB9700EF5807 /* Sources */ = {
			isa = PBXSourcesBuildPhase;
			buildActionMask = 2147483647;
			files = (
				C598E2831E74FB9700EF5807 /* TestKVOUITests.m in Sources */,
			);
			runOnlyForDeploymentPostprocessing = 0;
		};
/* End PBXSourcesBuildPhase section */

/* Begin PBXTargetDependency section */
		C598E2751E74FB9700EF5807 /* PBXTargetDependency */ = {
			isa = PBXTargetDependency;
			target = C598E2591E74FB9700EF5807 /* TestKVO */;
			targetProxy = C598E2741E74FB9700EF5807 /* PBXContainerItemProxy */;
		};
		C598E2801E74FB9700EF5807 /* PBXTargetDependency */ = {
			isa = PBXTargetDependency;
			target = C598E2591E74FB9700EF5807 /* TestKVO */;
			targetProxy = C598E27F1E74FB9700EF5807 /* PBXContainerItemProxy */;
		};
/* End PBXTargetDependency section */

/* Begin PBXVariantGroup section */
		C598E2661E74FB9700EF5807 /* Main.storyboard */ = {
			isa = PBXVariantGroup;
			children = (
				C598E2671E74FB9700EF5807 /* Base */,
			);
			name = Main.storyboard;
			sourceTree = "<group>";
		};
		C598E26B1E74FB9700EF5807 /* LaunchScreen.storyboard */ = {
			isa = PBXVariantGroup;
			children = (
				C598E26C1E74FB9700EF5807 /* Base */,
			);
			name = LaunchScreen.storyboard;
			sourceTree = "<group>";
		};
/* End PBXVariantGroup section */

/* Begin XCBuildConfiguration section */
		C598E2851E74FB9700EF5807 /* Debug */ = {
			isa = XCBuildConfiguration;
			buildSettings = {
				ALWAYS_SEARCH_USER_PATHS = NO;
				CLANG_ANALYZER_NONNULL = YES;
				CLANG_CXX_LANGUAGE_STANDARD = "gnu++0x";
				CLANG_CXX_LIBRARY = "libc++";
				CLANG_ENABLE_MODULES = YES;
				CLANG_ENABLE_OBJC_ARC = YES;
				CLANG_WARN_BOOL_CONVERSION = YES;
				CLANG_WARN_CONSTANT_CONVERSION = YES;
				CLANG_WARN_DIRECT_OBJC_ISA_USAGE = YES_ERROR;
				CLANG_WARN_DOCUMENTATION_COMMENTS = YES;
				CLANG_WARN_EMPTY_BODY = YES;
				CLANG_WARN_ENUM_CONVERSION = YES;
				CLANG_WARN_INFINITE_RECURSION = YES;
				CLANG_WARN_INT_CONVERSION = YES;
				CLANG_WARN_OBJC_ROOT_CLASS = YES_ERROR;
				CLANG_WARN_SUSPICIOUS_MOVES = YES;
				CLANG_WARN_UNREACHABLE_CODE = YES;
				CLANG_WARN__DUPLICATE_METHOD_MATCH = YES;
				"CODE_SIGN_IDENTITY[sdk=iphoneos*]" = "iPhone Developer";
				COPY_PHASE_STRIP = NO;
				DEBUG_INFORMATION_FORMAT = dwarf;
				ENABLE_STRICT_OBJC_MSGSEND = YES;
				ENABLE_TESTABILITY = YES;
				GCC_C_LANGUAGE_STANDARD = gnu99;
				GCC_DYNAMIC_NO_PIC = NO;
				GCC_NO_COMMON_BLOCKS = YES;
				GCC_OPTIMIZATION_LEVEL = 0;
				GCC_PREPROCESSOR_DEFINITIONS = (
					"DEBUG=1",
					"$(inherited)",
				);
				GCC_WARN_64_TO_32_BIT_CONVERSION = YES;
				GCC_WARN_ABOUT_RETURN_TYPE = YES_ERROR;
				GCC_WARN_UNDECLARED_SELECTOR = YES;
				GCC_WARN_UNINITIALIZED_AUTOS = YES_AGGRESSIVE;
				GCC_WARN_UNUSED_FUNCTION = YES;
				GCC_WARN_UNUSED_VARIABLE = YES;
				IPHONEOS_DEPLOYMENT_TARGET = 10.0;
				MTL_ENABLE_DEBUG_INFO = YES;
				ONLY_ACTIVE_ARCH = YES;
				SDKROOT = iphoneos;
			};
			name = Debug;
		};
		C598E2861E74FB9700EF5807 /* Release */ = {
			isa = XCBuildConfiguration;
			buildSettings = {
				ALWAYS_SEARCH_USER_PATHS = NO;
				CLANG_ANALYZER_NONNULL = YES;
				CLANG_CXX_LANGUAGE_STANDARD = "gnu++0x";
				CLANG_CXX_LIBRARY = "libc++";
				CLANG_ENABLE_MODULES = YES;
				CLANG_ENABLE_OBJC_ARC = YES;
				CLANG_WARN_BOOL_CONVERSION = YES;
				CLANG_WARN_CONSTANT_CONVERSION = YES;
				CLANG_WARN_DIRECT_OBJC_ISA_USAGE = YES_ERROR;
				CLANG_WARN_DOCUMENTATION_COMMENTS = YES;
				CLANG_WARN_EMPTY_BODY = YES;
				CLANG_WARN_ENUM_CONVERSION = YES;
				CLANG_WARN_INFINITE_RECURSION = YES;
				CLANG_WARN_INT_CONVERSION = YES;
				CLANG_WARN_OBJC_ROOT_CLASS = YES_ERROR;
				CLANG_WARN_SUSPICIOUS_MOVES = YES;
				CLANG_WARN_UNREACHABLE_CODE = YES;
				CLANG_WARN__DUPLICATE_METHOD_MATCH = YES;
				"CODE_SIGN_IDENTITY[sdk=iphoneos*]" = "iPhone Developer";
				COPY_PHASE_STRIP = NO;
				DEBUG_INFORMATION_FORMAT = "dwarf-with-dsym";
				ENABLE_NS_ASSERTIONS = NO;
				ENABLE_STRICT_OBJC_MSGSEND = YES;
				GCC_C_LANGUAGE_STANDARD = gnu99;
				GCC_NO_COMMON_BLOCKS = YES;
				GCC_WARN_64_TO_32_BIT_CONVERSION = YES;
				GCC_WARN_ABOUT_RETURN_TYPE = YES_ERROR;
				GCC_WARN_UNDECLARED_SELECTOR = YES;
				GCC_WARN_UNINITIALIZED_AUTOS = YES_AGGRESSIVE;
				GCC_WARN_UNUSED_FUNCTION = YES;
				GCC_WARN_UNUSED_VARIABLE = YES;
				IPHONEOS_DEPLOYMENT_TARGET = 10.0;
				MTL_ENABLE_DEBUG_INFO = NO;
				SDKROOT = iphoneos;
				VALIDATE_PRODUCT = YES;
			};
			name = Release;
		};
		C598E2881E74FB9700EF5807 /* Debug */ = {
			isa = XCBuildConfiguration;
			buildSettings = {
				ASSETCATALOG_COMPILER_APPICON_NAME = AppIcon;
				INFOPLIST_FILE = TestKVO/Info.plist;
				LD_RUNPATH_SEARCH_PATHS = "$(inherited) @executable_path/Frameworks";
				PRODUCT_BUNDLE_IDENTIFIER = CNIT.TestKVO;
				PRODUCT_NAME = "$(TARGET_NAME)";
			};
			name = Debug;
		};
		C598E2891E74FB9700EF5807 /* Release */ = {
			isa = XCBuildConfiguration;
			buildSettings = {
				ASSETCATALOG_COMPILER_APPICON_NAME = AppIcon;
				INFOPLIST_FILE = TestKVO/Info.plist;
				LD_RUNPATH_SEARCH_PATHS = "$(inherited) @executable_path/Frameworks";
				PRODUCT_BUNDLE_IDENTIFIER = CNIT.TestKVO;
				PRODUCT_NAME = "$(TARGET_NAME)";
			};
			name = Release;
		};
		C598E28B1E74FB9700EF5807 /* Debug */ = {
			isa = XCBuildConfiguration;
			buildSettings = {
				BUNDLE_LOADER = "$(TEST_HOST)";
				INFOPLIST_FILE = TestKVOTests/Info.plist;
				LD_RUNPATH_SEARCH_PATHS = "$(inherited) @executable_path/Frameworks @loader_path/Frameworks";
				PRODUCT_BUNDLE_IDENTIFIER = CNIT.TestKVOTests;
				PRODUCT_NAME = "$(TARGET_NAME)";
				TEST_HOST = "$(BUILT_PRODUCTS_DIR)/TestKVO.app/TestKVO";
			};
			name = Debug;
		};
		C598E28C1E74FB9700EF5807 /* Release */ = {
			isa = XCBuildConfiguration;
			buildSettings = {
				BUNDLE_LOADER = "$(TEST_HOST)";
				INFOPLIST_FILE = TestKVOTests/Info.plist;
				LD_RUNPATH_SEARCH_PATHS = "$(inherited) @executable_path/Frameworks @loader_path/Frameworks";
				PRODUCT_BUNDLE_IDENTIFIER = CNIT.TestKVOTests;
				PRODUCT_NAME = "$(TARGET_NAME)";
				TEST_HOST = "$(BUILT_PRODUCTS_DIR)/TestKVO.app/TestKVO";
			};
			name = Release;
		};
		C598E28E1E74FB9700EF5807 /* Debug */ = {
			isa = XCBuildConfiguration;
			buildSettings = {
				INFOPLIST_FILE = TestKVOUITests/Info.plist;
				LD_RUNPATH_SEARCH_PATHS = "$(inherited) @executable_path/Frameworks @loader_path/Frameworks";
				PRODUCT_BUNDLE_IDENTIFIER = CNIT.TestKVOUITests;
				PRODUCT_NAME = "$(TARGET_NAME)";
				TEST_TARGET_NAME = TestKVO;
			};
			name = Debug;
		};
		C598E28F1E74FB9700EF5807 /* Release */ = {
			isa = XCBuildConfiguration;
			buildSettings = {
				INFOPLIST_FILE = TestKVOUITests/Info.plist;
				LD_RUNPATH_SEARCH_PATHS = "$(inherited) @executable_path/Frameworks @loader_path/Frameworks";
				PRODUCT_BUNDLE_IDENTIFIER = CNIT.TestKVOUITests;
				PRODUCT_NAME = "$(TARGET_NAME)";
				TEST_TARGET_NAME = TestKVO;
			};
			name = Release;
		};
/* End XCBuildConfiguration section */

/* Begin XCConfigurationList section */
		C598E2551E74FB9700EF5807 /* Build configuration list for PBXProject "TestKVO" */ = {
			isa = XCConfigurationList;
			buildConfigurations = (
				C598E2851E74FB9700EF5807 /* Debug */,
				C598E2861E74FB9700EF5807 /* Release */,
			);
			defaultConfigurationIsVisible = 0;
			defaultConfigurationName = Release;
		};
		C598E2871E74FB9700EF5807 /* Build configuration list for PBXNativeTarget "TestKVO" */ = {
			isa = XCConfigurationList;
			buildConfigurations = (
				C598E2881E74FB9700EF5807 /* Debug */,
				C598E2891E74FB9700EF5807 /* Release */,
			);
			defaultConfigurationIsVisible = 0;
		};
		C598E28A1E74FB9700EF5807 /* Build configuration list for PBXNativeTarget "TestKVOTests" */ = {
			isa = XCConfigurationList;
			buildConfigurations = (
				C598E28B1E74FB9700EF5807 /* Debug */,
				C598E28C1E74FB9700EF5807 /* Release */,
			);
			defaultConfigurationIsVisible = 0;
		};
		C598E28D1E74FB9700EF5807 /* Build configuration list for PBXNativeTarget "TestKVOUITests" */ = {
			isa = XCConfigurationList;
			buildConfigurations = (
				C598E28E1E74FB9700EF5807 /* Debug */,
				C598E28F1E74FB9700EF5807 /* Release */,
			);
			defaultConfigurationIsVisible = 0;
		};
/* End XCConfigurationList section */
	};
	rootObject = C598E2521E74FB9700EF5807 /* Project object */;
}
